
Microsoft Visual Studio Solution File, Format Version 12.00
# Visual Studio Version 17
VisualStudioVersion = 17.7.34024.191
MinimumVisualStudioVersion = 10.0.40219.1
Project("{9A19103F-16F7-4668-BE54-9A1E7A4F7556}") = "lr1", "lr1\lr1.csproj", "{B5C9592E-FD2C-4C34-AE47-A2A8D9E17BC1}"
EndProject
Project("{9A19103F-16F7-4668-BE54-9A1E7A4F7556}") = "lr2", "lr2\lr2.csproj", "{78077C7B-CF78-4629-9249-570A6B00041D}"
EndProject
Project("{9A19103F-16F7-4668-BE54-9A1E7A4F7556}") = "lr2_entity", "lr2_entity\lr2_entity.csproj", "{1743A2E7-3397-4FD7-A365-21A6A4C25BF4}"
EndProject
Project("{9A19103F-16F7-4668-BE54-9A1E7A4F7556}") = "lr3", "lr3\lr3.csproj", "{CB4107EB-38AE-4F0D-9083-3F8F54ACB272}"
EndProject
Project("{9A19103F-16F7-4668-BE54-9A1E7A4F7556}") = "lr4", "lr4\lr4.csproj", "{A9979203-D557-4C6C-B684-AA0C13CDFED5}"
EndProject
Project("{FAE04EC0-301F-11D3-BF4B-00C04F79EFBC}") = "lr5", "lr5\lr5.csproj", "{665FB6FA-B0E3-4EC7-843E-5968D302E5F8}"
EndProject
Global
	GlobalSection(SolutionConfigurationPlatforms) = preSolution
		Debug|Any CPU = Debug|Any CPU
		Release|Any CPU = Release|Any CPU
	EndGlobalSection
	GlobalSection(ProjectConfigurationPlatforms) = postSolution
		{B5C9592E-FD2C-4C34-AE47-A2A8D9E17BC1}.Debug|Any CPU.ActiveCfg = Debug|Any CPU
		{B5C9592E-FD2C-4C34-AE47-A2A8D9E17BC1}.Debug|Any CPU.Build.0 = Debug|Any CPU
		{B5C9592E-FD2C-4C34-AE47-A2A8D9E17BC1}.Release|Any CPU.ActiveCfg = Release|Any CPU
		{B5C9592E-FD2C-4C34-AE47-A2A8D9E17BC1}.Release|Any CPU.Build.0 = Release|Any CPU
		{78077C7B-CF78-4629-9249-570A6B00041D}.Debug|Any CPU.ActiveCfg = Debug|Any CPU
		{78077C7B-CF78-4629-9249-570A6B00041D}.Debug|Any CPU.Build.0 = Debug|Any CPU
		{78077C7B-CF78-4629-9249-570A6B00041D}.Release|Any CPU.ActiveCfg = Release|Any CPU
		{78077C7B-CF78-4629-9249-570A6B00041D}.Release|Any CPU.Build.0 = Release|Any CPU
		{1743A2E7-3397-4FD7-A365-21A6A4C25BF4}.Debug|Any CPU.ActiveCfg = Debug|Any CPU
		{1743A2E7-3397-4FD7-A365-21A6A4C25BF4}.Debug|Any CPU.Build.0 = Debug|Any CPU
		{1743A2E7-3397-4FD7-A365-21A6A4C25BF4}.Release|Any CPU.ActiveCfg = Release|Any CPU
		{1743A2E7-3397-4FD7-A365-21A6A4C25BF4}.Release|Any CPU.Build.0 = Release|Any CPU
		{CB4107EB-38AE-4F0D-9083-3F8F54ACB272}.Debug|Any CPU.ActiveCfg = Debug|Any CPU
		{CB4107EB-38AE-4F0D-9083-3F8F54ACB272}.Debug|Any CPU.Build.0 = Debug|Any CPU
		{CB4107EB-38AE-4F0D-9083-3F8F54ACB272}.Release|Any CPU.ActiveCfg = Release|Any CPU
		{CB4107EB-38AE-4F0D-9083-3F8F54ACB272}.Release|Any CPU.Build.0 = Release|Any CPU
		{A9979203-D557-4C6C-B684-AA0C13CDFED5}.Debug|Any CPU.ActiveCfg = Debug|Any CPU
		{A9979203-D557-4C6C-B684-AA0C13CDFED5}.Debug|Any CPU.Build.0 = Debug|Any CPU
		{A9979203-D557-4C6C-B684-AA0C13CDFED5}.Release|Any CPU.ActiveCfg = Release|Any CPU
		{A9979203-D557-4C6C-B684-AA0C13CDFED5}.Release|Any CPU.Build.0 = Release|Any CPU
		{665FB6FA-B0E3-4EC7-843E-5968D302E5F8}.Debug|Any CPU.ActiveCfg = Debug|Any CPU
		{665FB6FA-B0E3-4EC7-843E-5968D302E5F8}.Debug|Any CPU.Build.0 = Debug|Any CPU
		{665FB6FA-B0E3-4EC7-843E-5968D302E5F8}.Release|Any CPU.ActiveCfg = Release|Any CPU
		{665FB6FA-B0E3-4EC7-843E-5968D302E5F8}.Release|Any CPU.Build.0 = Release|Any CPU
	EndGlobalSection
	GlobalSection(SolutionProperties) = preSolution
		HideSolutionNode = FALSE
	EndGlobalSection
	GlobalSection(ExtensibilityGlobals) = postSolution
		SolutionGuid = {55BB9839-5F7F-4FAE-9043-89735911FAB5}
	EndGlobalSection
EndGlobal
